
Microsoft Visual Studio Solution File, Format Version 12.00
# Visual Studio 15
VisualStudioVersion = 15.0.28307.539
MinimumVisualStudioVersion = 10.0.40219.1
Project("{2150E333-8FDC-42A3-9474-1A3956D46DE8}") = "Data", "Data", "{3CA824D5-07E9-4F65-B0E4-F1FBD4FAE84E}"
EndProject
Project("{2150E333-8FDC-42A3-9474-1A3956D46DE8}") = "Service", "Service", "{D242DBC2-9106-4CCB-9AD8-7675708DC8A2}"
EndProject
Project("{2150E333-8FDC-42A3-9474-1A3956D46DE8}") = "Infrastructure", "Infrastructure", "{06F3715C-663B-43E8-B395-74A93DAF50D1}"
EndProject
Project("{2150E333-8FDC-42A3-9474-1A3956D46DE8}") = "Web", "Web", "{06CED6B8-3B28-47F1-BDC0-DC998F78E987}"
EndProject
Project("{FAE04EC0-301F-11D3-BF4B-00C04F79EFBC}") = "VBlog.Data.EntityFramework", "Data\VBlog.Data.EntityFramework\VBlog.Data.EntityFramework.csproj", "{8F72D214-46D2-4D5F-B0E0-BBF6DD0F509E}"
EndProject
Project("{FAE04EC0-301F-11D3-BF4B-00C04F79EFBC}") = "VBlog.Data.Dapper", "Data\VBlog.Data.Dapper\VBlog.Data.Dapper.csproj", "{8A8AA6DB-8733-4230-A55F-F75CB0F6DDF5}"
EndProject
Project("{FAE04EC0-301F-11D3-BF4B-00C04F79EFBC}") = "VBlog.Data.NHibernate", "Data\VBlog.Data.NHibernate\VBlog.Data.NHibernate.csproj", "{2ABF01C6-9CB9-470F-BB65-8EC5DC16D9C4}"
EndProject
Project("{2150E333-8FDC-42A3-9474-1A3956D46DE8}") = "Model", "Model", "{E2E409B6-DF5E-4FB9-BB75-F189708D1F53}"
EndProject
Project("{2150E333-8FDC-42A3-9474-1A3956D46DE8}") = "ViewModel", "ViewModel", "{A6AABDA4-15F4-4F52-8079-956D41171E13}"
EndProject
Project("{FAE04EC0-301F-11D3-BF4B-00C04F79EFBC}") = "VBlog.Data.Model", "Data\Model\VBlog.Data.Model\VBlog.Data.Model.csproj", "{A0B10CBF-9BA2-4FC4-88ED-9A87BA29007C}"
EndProject
Project("{FAE04EC0-301F-11D3-BF4B-00C04F79EFBC}") = "VBlog.Data.ViewModel", "Data\ViewModel\VBlog.Data.ViewModel\VBlog.Data.ViewModel.csproj", "{D5BF96B7-7E91-40CE-A376-E99E4172AE0D}"
EndProject
Project("{FAE04EC0-301F-11D3-BF4B-00C04F79EFBC}") = "VBlog.Infrastructure.Core", "Infrastructure\VBlog.Infrastructure.Core\VBlog.Infrastructure.Core.csproj", "{14C89184-017F-4C58-8946-9A10B784D173}"
EndProject
Project("{FAE04EC0-301F-11D3-BF4B-00C04F79EFBC}") = "VBlog.Service", "Service\VBlog.Service\VBlog.Service.csproj", "{94085291-87A0-43F9-9BD9-8EEC9D2D498F}"
EndProject
Project("{FAE04EC0-301F-11D3-BF4B-00C04F79EFBC}") = "VBlog.Service.Blog", "Service\VBlog.Service.Blog\VBlog.Service.Blog.csproj", "{6DC7C8C2-05A9-4AE5-BBD4-6426CE53B869}"
EndProject
Project("{2150E333-8FDC-42A3-9474-1A3956D46DE8}") = "Common", "Common", "{4DF67D15-4E87-4DA9-BA73-8DA8AF8CDB08}"
EndProject
Project("{FAE04EC0-301F-11D3-BF4B-00C04F79EFBC}") = "VBlog.Web.Common", "Web\Common\VBlog.Web.Common\VBlog.Web.Common.csproj", "{9953D3C4-F8A4-44A1-BF85-895EE78B43BF}"
EndProject
Project("{FAE04EC0-301F-11D3-BF4B-00C04F79EFBC}") = "VBlog.Web.WebApi", "Web\VBlog.Web.WebApi\VBlog.Web.WebApi.csproj", "{99170603-19F7-464C-89DC-CC069C2D2880}"
EndProject
Project("{FAE04EC0-301F-11D3-BF4B-00C04F79EFBC}") = "VBlog.Web", "Web\VBlog.Web\VBlog.Web.csproj", "{DF9BF10E-7406-4141-A181-F34750AE0E5C}"
EndProject
Project("{FAE04EC0-301F-11D3-BF4B-00C04F79EFBC}") = "VBlog.Web.Administration", "Web\VBlog.Web.Administration\VBlog.Web.Administration.csproj", "{16000EA1-B8BD-47EA-8C98-0014F84D5FDB}"
EndProject
Global
	GlobalSection(SolutionConfigurationPlatforms) = preSolution
		Debug|Any CPU = Debug|Any CPU
		Release|Any CPU = Release|Any CPU
	EndGlobalSection
	GlobalSection(ProjectConfigurationPlatforms) = postSolution
		{8F72D214-46D2-4D5F-B0E0-BBF6DD0F509E}.Debug|Any CPU.ActiveCfg = Debug|Any CPU
		{8F72D214-46D2-4D5F-B0E0-BBF6DD0F509E}.Debug|Any CPU.Build.0 = Debug|Any CPU
		{8F72D214-46D2-4D5F-B0E0-BBF6DD0F509E}.Release|Any CPU.ActiveCfg = Release|Any CPU
		{8F72D214-46D2-4D5F-B0E0-BBF6DD0F509E}.Release|Any CPU.Build.0 = Release|Any CPU
		{8A8AA6DB-8733-4230-A55F-F75CB0F6DDF5}.Debug|Any CPU.ActiveCfg = Debug|Any CPU
		{8A8AA6DB-8733-4230-A55F-F75CB0F6DDF5}.Debug|Any CPU.Build.0 = Debug|Any CPU
		{8A8AA6DB-8733-4230-A55F-F75CB0F6DDF5}.Release|Any CPU.ActiveCfg = Release|Any CPU
		{8A8AA6DB-8733-4230-A55F-F75CB0F6DDF5}.Release|Any CPU.Build.0 = Release|Any CPU
		{2ABF01C6-9CB9-470F-BB65-8EC5DC16D9C4}.Debug|Any CPU.ActiveCfg = Debug|Any CPU
		{2ABF01C6-9CB9-470F-BB65-8EC5DC16D9C4}.Debug|Any CPU.Build.0 = Debug|Any CPU
		{2ABF01C6-9CB9-470F-BB65-8EC5DC16D9C4}.Release|Any CPU.ActiveCfg = Release|Any CPU
		{2ABF01C6-9CB9-470F-BB65-8EC5DC16D9C4}.Release|Any CPU.Build.0 = Release|Any CPU
		{A0B10CBF-9BA2-4FC4-88ED-9A87BA29007C}.Debug|Any CPU.ActiveCfg = Debug|Any CPU
		{A0B10CBF-9BA2-4FC4-88ED-9A87BA29007C}.Debug|Any CPU.Build.0 = Debug|Any CPU
		{A0B10CBF-9BA2-4FC4-88ED-9A87BA29007C}.Release|Any CPU.ActiveCfg = Release|Any CPU
		{A0B10CBF-9BA2-4FC4-88ED-9A87BA29007C}.Release|Any CPU.Build.0 = Release|Any CPU
		{D5BF96B7-7E91-40CE-A376-E99E4172AE0D}.Debug|Any CPU.ActiveCfg = Debug|Any CPU
		{D5BF96B7-7E91-40CE-A376-E99E4172AE0D}.Debug|Any CPU.Build.0 = Debug|Any CPU
		{D5BF96B7-7E91-40CE-A376-E99E4172AE0D}.Release|Any CPU.ActiveCfg = Release|Any CPU
		{D5BF96B7-7E91-40CE-A376-E99E4172AE0D}.Release|Any CPU.Build.0 = Release|Any CPU
		{14C89184-017F-4C58-8946-9A10B784D173}.Debug|Any CPU.ActiveCfg = Debug|Any CPU
		{14C89184-017F-4C58-8946-9A10B784D173}.Debug|Any CPU.Build.0 = Debug|Any CPU
		{14C89184-017F-4C58-8946-9A10B784D173}.Release|Any CPU.ActiveCfg = Release|Any CPU
		{14C89184-017F-4C58-8946-9A10B784D173}.Release|Any CPU.Build.0 = Release|Any CPU
		{94085291-87A0-43F9-9BD9-8EEC9D2D498F}.Debug|Any CPU.ActiveCfg = Debug|Any CPU
		{94085291-87A0-43F9-9BD9-8EEC9D2D498F}.Debug|Any CPU.Build.0 = Debug|Any CPU
		{94085291-87A0-43F9-9BD9-8EEC9D2D498F}.Release|Any CPU.ActiveCfg = Release|Any CPU
		{94085291-87A0-43F9-9BD9-8EEC9D2D498F}.Release|Any CPU.Build.0 = Release|Any CPU
		{6DC7C8C2-05A9-4AE5-BBD4-6426CE53B869}.Debug|Any CPU.ActiveCfg = Debug|Any CPU
		{6DC7C8C2-05A9-4AE5-BBD4-6426CE53B869}.Debug|Any CPU.Build.0 = Debug|Any CPU
		{6DC7C8C2-05A9-4AE5-BBD4-6426CE53B869}.Release|Any CPU.ActiveCfg = Release|Any CPU
		{6DC7C8C2-05A9-4AE5-BBD4-6426CE53B869}.Release|Any CPU.Build.0 = Release|Any CPU
		{9953D3C4-F8A4-44A1-BF85-895EE78B43BF}.Debug|Any CPU.ActiveCfg = Debug|Any CPU
		{9953D3C4-F8A4-44A1-BF85-895EE78B43BF}.Debug|Any CPU.Build.0 = Debug|Any CPU
		{9953D3C4-F8A4-44A1-BF85-895EE78B43BF}.Release|Any CPU.ActiveCfg = Release|Any CPU
		{9953D3C4-F8A4-44A1-BF85-895EE78B43BF}.Release|Any CPU.Build.0 = Release|Any CPU
		{99170603-19F7-464C-89DC-CC069C2D2880}.Debug|Any CPU.ActiveCfg = Debug|Any CPU
		{99170603-19F7-464C-89DC-CC069C2D2880}.Debug|Any CPU.Build.0 = Debug|Any CPU
		{99170603-19F7-464C-89DC-CC069C2D2880}.Release|Any CPU.ActiveCfg = Release|Any CPU
		{99170603-19F7-464C-89DC-CC069C2D2880}.Release|Any CPU.Build.0 = Release|Any CPU
		{DF9BF10E-7406-4141-A181-F34750AE0E5C}.Debug|Any CPU.ActiveCfg = Debug|Any CPU
		{DF9BF10E-7406-4141-A181-F34750AE0E5C}.Debug|Any CPU.Build.0 = Debug|Any CPU
		{DF9BF10E-7406-4141-A181-F34750AE0E5C}.Release|Any CPU.ActiveCfg = Release|Any CPU
		{DF9BF10E-7406-4141-A181-F34750AE0E5C}.Release|Any CPU.Build.0 = Release|Any CPU
		{16000EA1-B8BD-47EA-8C98-0014F84D5FDB}.Debug|Any CPU.ActiveCfg = Debug|Any CPU
		{16000EA1-B8BD-47EA-8C98-0014F84D5FDB}.Debug|Any CPU.Build.0 = Debug|Any CPU
		{16000EA1-B8BD-47EA-8C98-0014F84D5FDB}.Release|Any CPU.ActiveCfg = Release|Any CPU
		{16000EA1-B8BD-47EA-8C98-0014F84D5FDB}.Release|Any CPU.Build.0 = Release|Any CPU
	EndGlobalSection
	GlobalSection(SolutionProperties) = preSolution
		HideSolutionNode = FALSE
	EndGlobalSection
	GlobalSection(NestedProjects) = preSolution
		{8F72D214-46D2-4D5F-B0E0-BBF6DD0F509E} = {3CA824D5-07E9-4F65-B0E4-F1FBD4FAE84E}
		{8A8AA6DB-8733-4230-A55F-F75CB0F6DDF5} = {3CA824D5-07E9-4F65-B0E4-F1FBD4FAE84E}
		{2ABF01C6-9CB9-470F-BB65-8EC5DC16D9C4} = {3CA824D5-07E9-4F65-B0E4-F1FBD4FAE84E}
		{E2E409B6-DF5E-4FB9-BB75-F189708D1F53} = {3CA824D5-07E9-4F65-B0E4-F1FBD4FAE84E}
		{A6AABDA4-15F4-4F52-8079-956D41171E13} = {3CA824D5-07E9-4F65-B0E4-F1FBD4FAE84E}
		{A0B10CBF-9BA2-4FC4-88ED-9A87BA29007C} = {E2E409B6-DF5E-4FB9-BB75-F189708D1F53}
		{D5BF96B7-7E91-40CE-A376-E99E4172AE0D} = {A6AABDA4-15F4-4F52-8079-956D41171E13}
		{14C89184-017F-4C58-8946-9A10B784D173} = {06F3715C-663B-43E8-B395-74A93DAF50D1}
		{94085291-87A0-43F9-9BD9-8EEC9D2D498F} = {D242DBC2-9106-4CCB-9AD8-7675708DC8A2}
		{6DC7C8C2-05A9-4AE5-BBD4-6426CE53B869} = {D242DBC2-9106-4CCB-9AD8-7675708DC8A2}
		{4DF67D15-4E87-4DA9-BA73-8DA8AF8CDB08} = {06CED6B8-3B28-47F1-BDC0-DC998F78E987}
		{9953D3C4-F8A4-44A1-BF85-895EE78B43BF} = {4DF67D15-4E87-4DA9-BA73-8DA8AF8CDB08}
		{99170603-19F7-464C-89DC-CC069C2D2880} = {06CED6B8-3B28-47F1-BDC0-DC998F78E987}
		{DF9BF10E-7406-4141-A181-F34750AE0E5C} = {06CED6B8-3B28-47F1-BDC0-DC998F78E987}
		{16000EA1-B8BD-47EA-8C98-0014F84D5FDB} = {06CED6B8-3B28-47F1-BDC0-DC998F78E987}
	EndGlobalSection
	GlobalSection(ExtensibilityGlobals) = postSolution
		SolutionGuid = {1FE6E995-1CC0-4A99-9028-E7210B4DDAFF}
	EndGlobalSection
EndGlobal
